#MicroXplorer Configuration settings - do not modify
CAD.formats=
CAD.pinconfig=
CAD.provider=
Dma.Request0=USART1_RX
Dma.Request1=USART1_TX
Dma.Request2=USART2_RX
Dma.Request3=USART2_TX
Dma.RequestsNb=4
Dma.USART1_RX.0.Direction=DMA_PERIPH_TO_MEMORY
Dma.USART1_RX.0.Instance=DMA1_Channel5
Dma.USART1_RX.0.MemDataAlignment=DMA_MDATAALIGN_BYTE
Dma.USART1_RX.0.MemInc=DMA_MINC_ENABLE
Dma.USART1_RX.0.Mode=DMA_NORMAL
Dma.USART1_RX.0.PeriphDataAlignment=DMA_PDATAALIGN_BYTE
Dma.USART1_RX.0.PeriphInc=DMA_PINC_DISABLE
Dma.USART1_RX.0.Priority=DMA_PRIORITY_LOW
Dma.USART1_RX.0.RequestParameters=Instance,Direction,PeriphInc,MemInc,PeriphDataAlignment,MemDataAlignment,Mode,Priority
Dma.USART1_TX.1.Direction=DMA_MEMORY_TO_PERIPH
Dma.USART1_TX.1.Instance=DMA1_Channel4
Dma.USART1_TX.1.MemDataAlignment=DMA_MDATAALIGN_BYTE
Dma.USART1_TX.1.MemInc=DMA_MINC_ENABLE
Dma.USART1_TX.1.Mode=DMA_NORMAL
Dma.USART1_TX.1.PeriphDataAlignment=DMA_PDATAALIGN_BYTE
Dma.USART1_TX.1.PeriphInc=DMA_PINC_DISABLE
Dma.USART1_TX.1.Priority=DMA_PRIORITY_LOW
Dma.USART1_TX.1.RequestParameters=Instance,Direction,PeriphInc,MemInc,PeriphDataAlignment,MemDataAlignment,Mode,Priority
Dma.USART2_RX.2.Direction=DMA_PERIPH_TO_MEMORY
Dma.USART2_RX.2.Instance=DMA1_Channel6
Dma.USART2_RX.2.MemDataAlignment=DMA_MDATAALIGN_BYTE
Dma.USART2_RX.2.MemInc=DMA_MINC_ENABLE
Dma.USART2_RX.2.Mode=DMA_NORMAL
Dma.USART2_RX.2.PeriphDataAlignment=DMA_PDATAALIGN_BYTE
Dma.USART2_RX.2.PeriphInc=DMA_PINC_DISABLE
Dma.USART2_RX.2.Priority=DMA_PRIORITY_LOW
Dma.USART2_RX.2.RequestParameters=Instance,Direction,PeriphInc,MemInc,PeriphDataAlignment,MemDataAlignment,Mode,Priority
Dma.USART2_TX.3.Direction=DMA_MEMORY_TO_PERIPH
Dma.USART2_TX.3.Instance=DMA1_Channel7
Dma.USART2_TX.3.MemDataAlignment=DMA_MDATAALIGN_BYTE
Dma.USART2_TX.3.MemInc=DMA_MINC_ENABLE
Dma.USART2_TX.3.Mode=DMA_NORMAL
Dma.USART2_TX.3.PeriphDataAlignment=DMA_PDATAALIGN_BYTE
Dma.USART2_TX.3.PeriphInc=DMA_PINC_DISABLE
Dma.USART2_TX.3.Priority=DMA_PRIORITY_LOW
Dma.USART2_TX.3.RequestParameters=Instance,Direction,PeriphInc,MemInc,PeriphDataAlignment,MemDataAlignment,Mode,Priority
FREERTOS.BinarySemaphores01=motorSemaphores,Dynamic,NULL,Available;mpuSemaphores,Dynamic,NULL,Available;controlsSemaphores,Dynamic,NULL,Available
FREERTOS.Events01=EventGroup,Dynamic,NULL
FREERTOS.FootprintOK=true
FREERTOS.IPParameters=Tasks01,Queues01,FootprintOK,BinarySemaphores01,configTOTAL_HEAP_SIZE,Events01
FREERTOS.Queues01=Queue_communication,36,51,1,Dynamic,NULL,NULL
FREERTOS.Tasks01=Task_contact,40,400,APPTask_contact,Default,NULL,Dynamic,NULL,NULL;Task_go,24,128,APPTask_go,Default,NULL,Dynamic,NULL,NULL;Task_right,24,128,APPTask_right,Default,NULL,Dynamic,NULL,NULL;Task_left,24,128,APPTask_left,Default,NULL,Dynamic,NULL,NULL;Task_ut,24,128,APPTask_ut,Default,NULL,Dynamic,NULL,NULL;Task_back,24,128,APPTask_back,Default,NULL,Dynamic,NULL,NULL;Task_mpu,24,256,APPTask_mpu,Default,NULL,Dynamic,NULL,NULL;Task_controls,24,256,APPTask_controls,Default,NULL,Dynamic,NULL,NULL;Task_arm,24,256,APPTask_arm,Default,NULL,Dynamic,NULL,NULL;Task_claw,24,128,APPTask_claw,Default,NULL,Dynamic,NULL,NULL;Task_change,24,256,APPTask_change,Default,NULL,Dynamic,NULL,NULL
FREERTOS.configTOTAL_HEAP_SIZE=15000
File.Version=6
GPIO.groupedBy=Group By Peripherals
KeepUserPlacement=false
Mcu.CPN=STM32F103ZET6
Mcu.Family=STM32F1
Mcu.IP0=DMA
Mcu.IP1=FREERTOS
Mcu.IP10=TIM4
Mcu.IP11=TIM5
Mcu.IP12=TIM8
Mcu.IP13=USART1
Mcu.IP14=USART2
Mcu.IP2=I2C1
Mcu.IP3=I2C2
Mcu.IP4=NVIC
Mcu.IP5=RCC
Mcu.IP6=SYS
Mcu.IP7=TIM1
Mcu.IP8=TIM2
Mcu.IP9=TIM3
Mcu.IPNb=15
Mcu.Name=STM32F103Z(C-D-E)Tx
Mcu.Package=LQFP144
Mcu.Pin0=PE6
Mcu.Pin1=PF3
Mcu.Pin10=PC1
Mcu.Pin11=PC2
Mcu.Pin12=PC3
Mcu.Pin13=PA0-WKUP
Mcu.Pin14=PA1
Mcu.Pin15=PA2
Mcu.Pin16=PA3
Mcu.Pin17=PA4
Mcu.Pin18=PA6
Mcu.Pin19=PA7
Mcu.Pin2=PF4
Mcu.Pin20=PB2
Mcu.Pin21=PF11
Mcu.Pin22=PF14
Mcu.Pin23=PE7
Mcu.Pin24=PE8
Mcu.Pin25=PE9
Mcu.Pin26=PE10
Mcu.Pin27=PE11
Mcu.Pin28=PE12
Mcu.Pin29=PE15
Mcu.Pin3=PF7
Mcu.Pin30=PB10
Mcu.Pin31=PB11
Mcu.Pin32=PD8
Mcu.Pin33=PD9
Mcu.Pin34=PD10
Mcu.Pin35=PD11
Mcu.Pin36=PD12
Mcu.Pin37=PD13
Mcu.Pin38=PG2
Mcu.Pin39=PG3
Mcu.Pin4=PF8
Mcu.Pin40=PG4
Mcu.Pin41=PG5
Mcu.Pin42=PG6
Mcu.Pin43=PG7
Mcu.Pin44=PG8
Mcu.Pin45=PC6
Mcu.Pin46=PC7
Mcu.Pin47=PC8
Mcu.Pin48=PC9
Mcu.Pin49=PA8
Mcu.Pin5=PF9
Mcu.Pin50=PA9
Mcu.Pin51=PA10
Mcu.Pin52=PA11
Mcu.Pin53=PA12
Mcu.Pin54=PA13
Mcu.Pin55=PA14
Mcu.Pin56=PA15
Mcu.Pin57=PC10
Mcu.Pin58=PD5
Mcu.Pin59=PD6
Mcu.Pin6=PF10
Mcu.Pin60=PD7
Mcu.Pin61=PG11
Mcu.Pin62=PG15
Mcu.Pin63=PB3
Mcu.Pin64=PB4
Mcu.Pin65=PB5
Mcu.Pin66=PB6
Mcu.Pin67=PB7
Mcu.Pin68=PB8
Mcu.Pin69=VP_FREERTOS_VS_CMSIS_V2
Mcu.Pin7=OSC_IN
Mcu.Pin70=VP_SYS_VS_tim6
Mcu.Pin71=VP_TIM1_VS_ClockSourceINT
Mcu.Pin72=VP_TIM8_VS_ClockSourceINT
Mcu.Pin8=OSC_OUT
Mcu.Pin9=PC0
Mcu.PinsNb=73
Mcu.ThirdPartyNb=0
Mcu.UserConstants=
Mcu.UserName=STM32F103ZETx
MxCube.Version=6.12.0
MxDb.Version=DB.6.0.120
NVIC.BusFault_IRQn=true\:0\:0\:false\:false\:true\:false\:false\:false\:false
NVIC.DMA1_Channel4_IRQn=true\:5\:0\:false\:false\:true\:true\:false\:true\:true
NVIC.DMA1_Channel5_IRQn=true\:5\:0\:false\:false\:true\:true\:false\:true\:true
NVIC.DMA1_Channel6_IRQn=true\:5\:0\:false\:false\:true\:true\:false\:true\:true
NVIC.DMA1_Channel7_IRQn=true\:5\:0\:false\:false\:true\:true\:false\:true\:true
NVIC.DebugMonitor_IRQn=true\:0\:0\:false\:false\:true\:false\:false\:false\:false
NVIC.ForceEnableDMAVector=true
NVIC.HardFault_IRQn=true\:0\:0\:false\:false\:true\:false\:false\:false\:false
NVIC.MemoryManagement_IRQn=true\:0\:0\:false\:false\:true\:false\:false\:false\:false
NVIC.NonMaskableInt_IRQn=true\:0\:0\:false\:false\:true\:false\:false\:false\:false
NVIC.PendSV_IRQn=true\:15\:0\:false\:false\:false\:true\:false\:false\:false
NVIC.PriorityGroup=NVIC_PRIORITYGROUP_4
NVIC.SVCall_IRQn=true\:0\:0\:false\:false\:false\:false\:false\:false\:false
NVIC.SavedPendsvIrqHandlerGenerated=true
NVIC.SavedSvcallIrqHandlerGenerated=true
NVIC.SavedSystickIrqHandlerGenerated=true
NVIC.SysTick_IRQn=true\:15\:0\:false\:false\:false\:true\:false\:true\:false
NVIC.TIM1_BRK_IRQn=true\:6\:0\:true\:false\:true\:true\:true\:true\:true
NVIC.TIM1_CC_IRQn=true\:6\:0\:true\:false\:true\:true\:true\:true\:true
NVIC.TIM1_TRG_COM_IRQn=true\:6\:0\:true\:false\:true\:true\:true\:true\:true
NVIC.TIM1_UP_IRQn=true\:6\:0\:true\:false\:true\:true\:true\:true\:true
NVIC.TIM2_IRQn=true\:6\:0\:true\:false\:true\:true\:true\:true\:true
NVIC.TIM3_IRQn=true\:6\:0\:true\:false\:true\:true\:true\:true\:true
NVIC.TIM4_IRQn=true\:6\:0\:true\:false\:true\:true\:true\:true\:true
NVIC.TIM5_IRQn=true\:6\:0\:true\:false\:true\:true\:true\:true\:true
NVIC.TIM6_IRQn=true\:15\:0\:false\:false\:true\:false\:false\:true\:true
NVIC.TimeBase=TIM6_IRQn
NVIC.TimeBaseIP=TIM6
NVIC.USART1_IRQn=true\:5\:0\:true\:false\:true\:true\:true\:true\:true
NVIC.USART2_IRQn=true\:5\:0\:false\:false\:true\:true\:true\:true\:true
NVIC.UsageFault_IRQn=true\:0\:0\:false\:false\:true\:false\:false\:false\:false
OSC_IN.Mode=HSE-External-Oscillator
OSC_IN.Signal=RCC_OSC_IN
OSC_OUT.Mode=HSE-External-Oscillator
OSC_OUT.Signal=RCC_OSC_OUT
PA0-WKUP.GPIOParameters=GPIO_PuPd
PA0-WKUP.GPIO_PuPd=GPIO_PULLUP
PA0-WKUP.Signal=S_TIM5_CH1
PA1.GPIOParameters=GPIO_PuPd
PA1.GPIO_PuPd=GPIO_PULLUP
PA1.Signal=S_TIM5_CH2
PA10.Mode=Asynchronous
PA10.Signal=USART1_RX
PA11.GPIOParameters=PinState,GPIO_Label
PA11.GPIO_Label=V2
PA11.Locked=true
PA11.PinState=GPIO_PIN_SET
PA11.Signal=GPIO_Output
PA12.GPIOParameters=PinState,GPIO_Label
PA12.GPIO_Label=G2
PA12.Locked=true
PA12.PinState=GPIO_PIN_RESET
PA12.Signal=GPIO_Output
PA13.Mode=Serial_Wire
PA13.Signal=SYS_JTMS-SWDIO
PA14.Mode=Serial_Wire
PA14.Signal=SYS_JTCK-SWCLK
PA15.GPIOParameters=GPIO_PuPd
PA15.GPIO_PuPd=GPIO_PULLUP
PA15.Signal=S_TIM2_CH1_ETR
PA2.GPIOParameters=GPIO_Label
PA2.GPIO_Label=GND
PA2.Locked=true
PA2.Signal=GPIO_Output
PA3.GPIOParameters=GPIO_Label
PA3.GPIO_Label=IN2_A
PA3.Locked=true
PA3.Signal=GPIO_Output
PA4.GPIOParameters=GPIO_Label
PA4.GPIO_Label=IN2_B
PA4.Locked=true
PA4.Signal=GPIO_Output
PA6.GPIOParameters=GPIO_PuPd
PA6.GPIO_PuPd=GPIO_PULLUP
PA6.Signal=S_TIM3_CH1
PA7.GPIOParameters=GPIO_PuPd
PA7.GPIO_PuPd=GPIO_PULLUP
PA7.Signal=S_TIM3_CH2
PA8.GPIOParameters=GPIO_Label
PA8.GPIO_Label=USART1_G
PA8.Locked=true
PA8.Signal=GPIO_Output
PA9.Mode=Asynchronous
PA9.Signal=USART1_TX
PB10.Mode=I2C
PB10.Signal=I2C2_SCL
PB11.Mode=I2C
PB11.Signal=I2C2_SDA
PB2.GPIOParameters=GPIO_Label
PB2.GPIO_Label=GND
PB2.Locked=true
PB2.Signal=GPIO_Output
PB3.GPIOParameters=GPIO_PuPd
PB3.GPIO_PuPd=GPIO_PULLUP
PB3.Signal=S_TIM2_CH2
PB4.GPIOParameters=GPIO_Label
PB4.GPIO_Label=IN1_B
PB4.Locked=true
PB4.Signal=GPIO_Output
PB5.GPIOParameters=PinState,GPIO_Label
PB5.GPIO_Label=VCC
PB5.Locked=true
PB5.PinState=GPIO_PIN_SET
PB5.Signal=GPIO_Output
PB6.Mode=I2C
PB6.Signal=I2C1_SCL
PB7.Mode=I2C
PB7.Signal=I2C1_SDA
PB8.GPIOParameters=GPIO_Label
PB8.GPIO_Label=GND
PB8.Locked=true
PB8.Signal=GPIO_Output
PC0.GPIOParameters=PinState,GPIO_Label
PC0.GPIO_Label=GND
PC0.Locked=true
PC0.PinState=GPIO_PIN_RESET
PC0.Signal=GPIO_Output
PC1.GPIOParameters=PinState,GPIO_Label
PC1.GPIO_Label=VCC
PC1.Locked=true
PC1.PinState=GPIO_PIN_SET
PC1.Signal=GPIO_Output
PC10.GPIOParameters=PinState,GPIO_Label
PC10.GPIO_Label=USART1_V
PC10.Locked=true
PC10.PinState=GPIO_PIN_SET
PC10.Signal=GPIO_Output
PC2.GPIOParameters=PinState,GPIO_Label
PC2.GPIO_Label=VCC
PC2.Locked=true
PC2.PinState=GPIO_PIN_SET
PC2.Signal=GPIO_Output
PC3.GPIOParameters=GPIO_Label
PC3.GPIO_Label=GND
PC3.Locked=true
PC3.Signal=GPIO_Output
PC6.Signal=S_TIM8_CH1
PC7.Signal=S_TIM8_CH2
PC8.Signal=S_TIM8_CH3
PC9.Signal=S_TIM8_CH4
PD10.GPIOParameters=GPIO_Label
PD10.GPIO_Label=IN3_B
PD10.Locked=true
PD10.Signal=GPIO_Output
PD11.GPIOParameters=GPIO_Label
PD11.GPIO_Label=IN3_A
PD11.Locked=true
PD11.Signal=GPIO_Output
PD12.GPIOParameters=GPIO_PuPd
PD12.GPIO_PuPd=GPIO_PULLUP
PD12.Signal=S_TIM4_CH1
PD13.GPIOParameters=GPIO_PuPd
PD13.GPIO_PuPd=GPIO_PULLUP
PD13.Signal=S_TIM4_CH2
PD5.Mode=Asynchronous
PD5.Signal=USART2_TX
PD6.Mode=Asynchronous
PD6.Signal=USART2_RX
PD7.GPIOParameters=GPIO_Label
PD7.GPIO_Label=USART2_G
PD7.Locked=true
PD7.Signal=GPIO_Output
PD8.GPIOParameters=PinState,GPIO_Label
PD8.GPIO_Label=GND
PD8.Locked=true
PD8.PinState=GPIO_PIN_RESET
PD8.Signal=GPIO_Output
PD9.GPIOParameters=PinState,GPIO_Label
PD9.GPIO_Label=VCC
PD9.Locked=true
PD9.PinState=GPIO_PIN_SET
PD9.Signal=GPIO_Output
PE10.GPIOParameters=GPIO_Label
PE10.GPIO_Label=DIR
PE10.Locked=true
PE10.Signal=GPIO_Output
PE11.GPIOParameters=GPIO_Label
PE11.GPIO_Label=EN
PE11.Locked=true
PE11.Signal=GPIO_Output
PE12.GPIOParameters=GPIO_PuPd,GPIO_Label
PE12.GPIO_Label=key
PE12.GPIO_PuPd=GPIO_PULLUP
PE12.Locked=true
PE12.Signal=GPIO_Input
PE15.GPIOParameters=PinState,GPIO_Label
PE15.GPIO_Label=I2C2_V
PE15.Locked=true
PE15.PinState=GPIO_PIN_SET
PE15.Signal=GPIO_Output
PE6.GPIOParameters=GPIO_Label
PE6.GPIO_Label=IN1_A
PE6.Locked=true
PE6.Signal=GPIO_Output
PE7.GPIOParameters=PinState,GPIO_Label
PE7.GPIO_Label=GND
PE7.Locked=true
PE7.PinState=GPIO_PIN_RESET
PE7.Signal=GPIO_Output
PE8.GPIOParameters=PinState,GPIO_Label
PE8.GPIO_Label=GND
PE8.Locked=true
PE8.PinState=GPIO_PIN_RESET
PE8.Signal=GPIO_Output
PE9.Signal=S_TIM1_CH1
PF10.GPIOParameters=PinState,GPIO_Label
PF10.GPIO_Label=VCC
PF10.Locked=true
PF10.PinState=GPIO_PIN_SET
PF10.Signal=GPIO_Output
PF11.GPIOParameters=PinState,GPIO_Label
PF11.GPIO_Label=VCC
PF11.Locked=true
PF11.PinState=GPIO_PIN_SET
PF11.Signal=GPIO_Output
PF14.GPIOParameters=PinState,GPIO_Label
PF14.GPIO_Label=VCC
PF14.Locked=true
PF14.PinState=GPIO_PIN_SET
PF14.Signal=GPIO_Output
PF3.GPIOParameters=GPIO_Label
PF3.GPIO_Label=GND
PF3.Locked=true
PF3.Signal=GPIO_Output
PF4.GPIOParameters=PinState,GPIO_Label
PF4.GPIO_Label=GND
PF4.Locked=true
PF4.PinState=GPIO_PIN_RESET
PF4.Signal=GPIO_Output
PF7.GPIOParameters=GPIO_Label
PF7.GPIO_Label=IN4_B
PF7.Locked=true
PF7.Signal=GPIO_Output
PF8.GPIOParameters=GPIO_Label
PF8.GPIO_Label=IN4_A
PF8.Locked=true
PF8.Signal=GPIO_Output
PF9.GPIOParameters=PinState,GPIO_Label
PF9.GPIO_Label=GND
PF9.Locked=true
PF9.PinState=GPIO_PIN_RESET
PF9.Signal=GPIO_Output
PG11.GPIOParameters=GPIO_Label
PG11.GPIO_Label=GND
PG11.Locked=true
PG11.Signal=GPIO_Output
PG15.GPIOParameters=PinState,GPIO_Label
PG15.GPIO_Label=VCC
PG15.Locked=true
PG15.PinState=GPIO_PIN_SET
PG15.Signal=GPIO_Output
PG2.GPIOParameters=GPIO_Label
PG2.GPIO_Label=GND
PG2.Locked=true
PG2.Signal=GPIO_Output
PG3.GPIOParameters=PinState,GPIO_Label
PG3.GPIO_Label=VCC
PG3.Locked=true
PG3.PinState=GPIO_PIN_SET
PG3.Signal=GPIO_Output
PG4.GPIOParameters=GPIO_Label
PG4.GPIO_Label=I2C2_G
PG4.Locked=true
PG4.Signal=GPIO_Output
PG5.GPIOParameters=GPIO_Label
PG5.GPIO_Label=GND
PG5.Locked=true
PG5.Signal=GPIO_Output
PG6.GPIOParameters=GPIO_Label
PG6.GPIO_Label=GND
PG6.Locked=true
PG6.Signal=GPIO_Output
PG7.GPIOParameters=PinState,GPIO_Label
PG7.GPIO_Label=VCC
PG7.Locked=true
PG7.PinState=GPIO_PIN_SET
PG7.Signal=GPIO_Output
PG8.GPIOParameters=PinState,GPIO_Label
PG8.GPIO_Label=VCC
PG8.Locked=true
PG8.PinState=GPIO_PIN_SET
PG8.Signal=GPIO_Output
PinOutPanel.RotationAngle=0
ProjectManager.AskForMigrate=true
ProjectManager.BackupPrevious=false
ProjectManager.CompilerOptimize=6
ProjectManager.ComputerToolchain=false
ProjectManager.CoupleFile=true
ProjectManager.CustomerFirmwarePackage=
ProjectManager.DefaultFWLocation=true
ProjectManager.DeletePrevious=true
ProjectManager.DeviceId=STM32F103ZETx
ProjectManager.FirmwarePackage=STM32Cube FW_F1 V1.8.5
ProjectManager.FreePins=false
ProjectManager.HalAssertFull=false
ProjectManager.HeapSize=0x200
ProjectManager.KeepUserCode=true
ProjectManager.LastFirmware=false
ProjectManager.LibraryCopy=1
ProjectManager.MainLocation=Core/Src
ProjectManager.NoMain=false
ProjectManager.PreviousToolchain=
ProjectManager.ProjectBuild=false
ProjectManager.ProjectFileName=freertos_chuankou.ioc
ProjectManager.ProjectName=freertos_chuankou
ProjectManager.ProjectStructure=
ProjectManager.RegisterCallBack=
ProjectManager.StackSize=0x400
ProjectManager.TargetToolchain=STM32CubeIDE
ProjectManager.ToolChainLocation=
ProjectManager.UAScriptAfterPath=
ProjectManager.UAScriptBeforePath=
ProjectManager.UnderRoot=true
ProjectManager.functionlistsort=1-SystemClock_Config-RCC-false-HAL-false,2-MX_GPIO_Init-GPIO-false-HAL-true,3-MX_DMA_Init-DMA-false-HAL-true,4-MX_USART1_UART_Init-USART1-false-HAL-true,5-MX_TIM1_Init-TIM1-false-HAL-true,6-MX_I2C1_Init-I2C1-false-HAL-true,7-MX_TIM2_Init-TIM2-false-HAL-true,8-MX_TIM3_Init-TIM3-false-HAL-true,9-MX_TIM4_Init-TIM4-false-HAL-true,10-MX_TIM5_Init-TIM5-false-HAL-true,11-MX_TIM8_Init-TIM8-false-HAL-true,12-MX_I2C2_Init-I2C2-false-HAL-true,13-MX_USART2_UART_Init-USART2-false-HAL-true
RCC.ADCFreqValue=36000000
RCC.AHBFreq_Value=72000000
RCC.APB1CLKDivider=RCC_HCLK_DIV2
RCC.APB1Freq_Value=36000000
RCC.APB1TimFreq_Value=72000000
RCC.APB2Freq_Value=72000000
RCC.APB2TimFreq_Value=72000000
RCC.FCLKCortexFreq_Value=72000000
RCC.FSMCFreq_Value=72000000
RCC.FamilyName=M
RCC.HCLKFreq_Value=72000000
RCC.I2S2Freq_Value=72000000
RCC.I2S3Freq_Value=72000000
RCC.IPParameters=ADCFreqValue,AHBFreq_Value,APB1CLKDivider,APB1Freq_Value,APB1TimFreq_Value,APB2Freq_Value,APB2TimFreq_Value,FCLKCortexFreq_Value,FSMCFreq_Value,FamilyName,HCLKFreq_Value,I2S2Freq_Value,I2S3Freq_Value,MCOFreq_Value,PLLCLKFreq_Value,PLLMCOFreq_Value,PLLMUL,PLLSourceVirtual,SDIOFreq_Value,SDIOHCLKDiv2FreqValue,SYSCLKFreq_VALUE,SYSCLKSource,TimSysFreq_Value,USBFreq_Value,VCOOutput2Freq_Value
RCC.MCOFreq_Value=72000000
RCC.PLLCLKFreq_Value=72000000
RCC.PLLMCOFreq_Value=36000000
RCC.PLLMUL=RCC_PLL_MUL9
RCC.PLLSourceVirtual=RCC_PLLSOURCE_HSE
RCC.SDIOFreq_Value=72000000
RCC.SDIOHCLKDiv2FreqValue=36000000
RCC.SYSCLKFreq_VALUE=72000000
RCC.SYSCLKSource=RCC_SYSCLKSOURCE_PLLCLK
RCC.TimSysFreq_Value=72000000
RCC.USBFreq_Value=72000000
RCC.VCOOutput2Freq_Value=8000000
SH.S_TIM1_CH1.0=TIM1_CH1,PWM Generation1 CH1
SH.S_TIM1_CH1.ConfNb=1
SH.S_TIM2_CH1_ETR.0=TIM2_CH1,Encoder_Interface
SH.S_TIM2_CH1_ETR.ConfNb=1
SH.S_TIM2_CH2.0=TIM2_CH2,Encoder_Interface
SH.S_TIM2_CH2.ConfNb=1
SH.S_TIM3_CH1.0=TIM3_CH1,Encoder_Interface
SH.S_TIM3_CH1.ConfNb=1
SH.S_TIM3_CH2.0=TIM3_CH2,Encoder_Interface
SH.S_TIM3_CH2.ConfNb=1
SH.S_TIM4_CH1.0=TIM4_CH1,Encoder_Interface
SH.S_TIM4_CH1.ConfNb=1
SH.S_TIM4_CH2.0=TIM4_CH2,Encoder_Interface
SH.S_TIM4_CH2.ConfNb=1
SH.S_TIM5_CH1.0=TIM5_CH1,Encoder_Interface
SH.S_TIM5_CH1.ConfNb=1
SH.S_TIM5_CH2.0=TIM5_CH2,Encoder_Interface
SH.S_TIM5_CH2.ConfNb=1
SH.S_TIM8_CH1.0=TIM8_CH1,PWM Generation1 CH1
SH.S_TIM8_CH1.ConfNb=1
SH.S_TIM8_CH2.0=TIM8_CH2,PWM Generation2 CH2
SH.S_TIM8_CH2.ConfNb=1
SH.S_TIM8_CH3.0=TIM8_CH3,PWM Generation3 CH3
SH.S_TIM8_CH3.ConfNb=1
SH.S_TIM8_CH4.0=TIM8_CH4,PWM Generation4 CH4
SH.S_TIM8_CH4.ConfNb=1
TIM1.AutoReloadPreload=TIM_AUTORELOAD_PRELOAD_ENABLE
TIM1.Channel-PWM\ Generation1\ CH1=TIM_CHANNEL_1
TIM1.IPParameters=Prescaler,Period,Channel-PWM Generation1 CH1,AutoReloadPreload,Pulse-PWM Generation1 CH1,OC1Preload_PWM
TIM1.OC1Preload_PWM=DISABLE
TIM1.Period=2500-1
TIM1.Prescaler=72-1
TIM1.Pulse-PWM\ Generation1\ CH1=2500
TIM2.EncoderMode=TIM_ENCODERMODE_TI12
TIM2.IC1Filter=15
TIM2.IC2Filter=15
TIM2.IPParameters=Period,EncoderMode,IC1Filter,IC2Filter
TIM2.Period=2000-1
TIM3.EncoderMode=TIM_ENCODERMODE_TI12
TIM3.IC1Filter=15
TIM3.IC2Filter=15
TIM3.IPParameters=Period,EncoderMode,IC1Filter,IC2Filter
TIM3.Period=2000-1
TIM4.EncoderMode=TIM_ENCODERMODE_TI12
TIM4.IC1Filter=15
TIM4.IC2Filter=15
TIM4.IPParameters=Period,EncoderMode,IC1Filter,IC2Filter
TIM4.Period=2000-1
TIM5.EncoderMode=TIM_ENCODERMODE_TI12
TIM5.IC1Filter=15
TIM5.IC2Filter=15
TIM5.IPParameters=Period,EncoderMode,IC1Filter,IC2Filter
TIM5.Period=2000-1
TIM8.Channel-PWM\ Generation1\ CH1=TIM_CHANNEL_1
TIM8.Channel-PWM\ Generation2\ CH2=TIM_CHANNEL_2
TIM8.Channel-PWM\ Generation3\ CH3=TIM_CHANNEL_3
TIM8.Channel-PWM\ Generation4\ CH4=TIM_CHANNEL_4
TIM8.IPParameters=Channel-PWM Generation1 CH1,Channel-PWM Generation2 CH2,Channel-PWM Generation3 CH3,Channel-PWM Generation4 CH4,Prescaler,Period
TIM8.Period=1000-1
TIM8.Prescaler=72-1
USART1.IPParameters=VirtualMode
USART1.VirtualMode=VM_ASYNC
USART2.BaudRate=9600
USART2.IPParameters=VirtualMode,BaudRate
USART2.VirtualMode=VM_ASYNC
VP_FREERTOS_VS_CMSIS_V2.Mode=CMSIS_V2
VP_FREERTOS_VS_CMSIS_V2.Signal=FREERTOS_VS_CMSIS_V2
VP_SYS_VS_tim6.Mode=TIM6
VP_SYS_VS_tim6.Signal=SYS_VS_tim6
VP_TIM1_VS_ClockSourceINT.Mode=Internal
VP_TIM1_VS_ClockSourceINT.Signal=TIM1_VS_ClockSourceINT
VP_TIM8_VS_ClockSourceINT.Mode=Internal
VP_TIM8_VS_ClockSourceINT.Signal=TIM8_VS_ClockSourceINT
board=custom
rtos.0.ip=FREERTOS
isbadioc=false
